// !$*UTF8*$!
{
	archiveVersion = 1;
	classes = {
	};
	objectVersion = 46;
	objects = {

/* Begin PBXBuildFile section */
		C9223CF21C667B430049C07C /* AppDelegate.swift in Sources */ = {isa = PBXBuildFile; fileRef = C9223CF11C667B430049C07C /* AppDelegate.swift */; };
		C9223CF41C667B430049C07C /* ViewController.swift in Sources */ = {isa = PBXBuildFile; fileRef = C9223CF31C667B430049C07C /* ViewController.swift */; };
		C9223CF71C667B430049C07C /* Main.storyboard in Resources */ = {isa = PBXBuildFile; fileRef = C9223CF51C667B430049C07C /* Main.storyboard */; };
		C9223CF91C667B430049C07C /* Assets.xcassets in Resources */ = {isa = PBXBuildFile; fileRef = C9223CF81C667B430049C07C /* Assets.xcassets */; };
		C9223CFC1C667B430049C07C /* LaunchScreen.storyboard in Resources */ = {isa = PBXBuildFile; fileRef = C9223CFA1C667B430049C07C /* LaunchScreen.storyboard */; };
		C9223D071C667B430049C07C /* Port_lyTests.swift in Sources */ = {isa = PBXBuildFile; fileRef = C9223D061C667B430049C07C /* Port_lyTests.swift */; };
		C9223D121C667B430049C07C /* Port_lyUITests.swift in Sources */ = {isa = PBXBuildFile; fileRef = C9223D111C667B430049C07C /* Port_lyUITests.swift */; };
/* End PBXBuildFile section */

/* Begin PBXContainerItemProxy section */
		C9223D031C667B430049C07C /* PBXContainerItemProxy */ = {
			isa = PBXContainerItemProxy;
			containerPortal = C9223CE61C667B430049C07C /* Project object */;
			proxyType = 1;
			remoteGlobalIDString = C9223CED1C667B430049C07C;
			remoteInfo = Port.ly;
		};
		C9223D0E1C667B430049C07C /* PBXContainerItemProxy */ = {
			isa = PBXContainerItemProxy;
			containerPortal = C9223CE61C667B430049C07C /* Project object */;
			proxyType = 1;
			remoteGlobalIDString = C9223CED1C667B430049C07C;
			remoteInfo = Port.ly;
		};
/* End PBXContainerItemProxy section */

/* Begin PBXFileReference section */
		C9223CEE1C667B430049C07C /* Port.ly.app */ = {isa = PBXFileReference; explicitFileType = wrapper.application; includeInIndex = 0; path = Port.ly.app; sourceTree = BUILT_PRODUCTS_DIR; };
		C9223CF11C667B430049C07C /* AppDelegate.swift */ = {isa = PBXFileReference; lastKnownFileType = sourcecode.swift; path = AppDelegate.swift; sourceTree = "<group>"; };
		C9223CF31C667B430049C07C /* ViewController.swift */ = {isa = PBXFileReference; lastKnownFileType = sourcecode.swift; path = ViewController.swift; sourceTree = "<group>"; };
		C9223CF61C667B430049C07C /* Base */ = {isa = PBXFileReference; lastKnownFileType = file.storyboard; name = Base; path = Base.lproj/Main.storyboard; sourceTree = "<group>"; };
		C9223CF81C667B430049C07C /* Assets.xcassets */ = {isa = PBXFileReference; lastKnownFileType = folder.assetcatalog; path = Assets.xcassets; sourceTree = "<group>"; };
		C9223CFB1C667B430049C07C /* Base */ = {isa = PBXFileReference; lastKnownFileType = file.storyboard; name = Base; path = Base.lproj/LaunchScreen.storyboard; sourceTree = "<group>"; };
		C9223CFD1C667B430049C07C /* Info.plist */ = {isa = PBXFileReference; lastKnownFileType = text.plist.xml; path = Info.plist; sourceTree = "<group>"; };
		C9223D021C667B430049C07C /* Port.lyTests.xctest */ = {isa = PBXFileReference; explicitFileType = wrapper.cfbundle; includeInIndex = 0; path = Port.lyTests.xctest; sourceTree = BUILT_PRODUCTS_DIR; };
		C9223D061C667B430049C07C /* Port_lyTests.swift */ = {isa = PBXFileReference; lastKnownFileType = sourcecode.swift; path = Port_lyTests.swift; sourceTree = "<group>"; };
		C9223D081C667B430049C07C /* Info.plist */ = {isa = PBXFileReference; lastKnownFileType = text.plist.xml; path = Info.plist; sourceTree = "<group>"; };
		C9223D0D1C667B430049C07C /* Port.lyUITests.xctest */ = {isa = PBXFileReference; explicitFileType = wrapper.cfbundle; includeInIndex = 0; path = Port.lyUITests.xctest; sourceTree = BUILT_PRODUCTS_DIR; };
		C9223D111C667B430049C07C /* Port_lyUITests.swift */ = {isa = PBXFileReference; lastKnownFileType = sourcecode.swift; path = Port_lyUITests.swift; sourceTree = "<group>"; };
		C9223D131C667B430049C07C /* Info.plist */ = {isa = PBXFileReference; lastKnownFileType = text.plist.xml; path = Info.plist; sourceTree = "<group>"; };
/* End PBXFileReference section */

/* Begin PBXFrameworksBuildPhase section */
		C9223CEB1C667B430049C07C /* Frameworks */ = {
			isa = PBXFrameworksBuildPhase;
			buildActionMask = 2147483647;
			files = (
			);
			runOnlyForDeploymentPostprocessing = 0;
		};
		C9223CFF1C667B430049C07C /* Frameworks */ = {
			isa = PBXFrameworksBuildPhase;
			buildActionMask = 2147483647;
			files = (
			);
			runOnlyForDeploymentPostprocessing = 0;
		};
		C9223D0A1C667B430049C07C /* Frameworks */ = {
			isa = PBXFrameworksBuildPhase;
			buildActionMask = 2147483647;
			files = (
			);
			runOnlyForDeploymentPostprocessing = 0;
		};
/* End PBXFrameworksBuildPhase section */

/* Begin PBXGroup section */
		C9223CE51C667B430049C07C = {
			isa = PBXGroup;
			children = (
				C9223CF01C667B430049C07C /* Port.ly */,
				C9223D051C667B430049C07C /* Port.lyTests */,
				C9223D101C667B430049C07C /* Port.lyUITests */,
				C9223CEF1C667B430049C07C /* Products */,
			);
			sourceTree = "<group>";
		};
		C9223CEF1C667B430049C07C /* Products */ = {
			isa = PBXGroup;
			children = (
				C9223CEE1C667B430049C07C /* Port.ly.app */,
				C9223D021C667B430049C07C /* Port.lyTests.xctest */,
				C9223D0D1C667B430049C07C /* Port.lyUITests.xctest */,
			);
			name = Products;
			sourceTree = "<group>";
		};
		C9223CF01C667B430049C07C /* Port.ly */ = {
			isa = PBXGroup;
			children = (
				C9223CF11C667B430049C07C /* AppDelegate.swift */,
				C9223CF31C667B430049C07C /* ViewController.swift */,
				C9223CF51C667B430049C07C /* Main.storyboard */,
				C9223CF81C667B430049C07C /* Assets.xcassets */,
				C9223CFA1C667B430049C07C /* LaunchScreen.storyboard */,
				C9223CFD1C667B430049C07C /* Info.plist */,
			);
			path = Port.ly;
			sourceTree = "<group>";
		};
		C9223D051C667B430049C07C /* Port.lyTests */ = {
			isa = PBXGroup;
			children = (
				C9223D061C667B430049C07C /* Port_lyTests.swift */,
				C9223D081C667B430049C07C /* Info.plist */,
			);
			path = Port.lyTests;
			sourceTree = "<group>";
		};
		C9223D101C667B430049C07C /* Port.lyUITests */ = {
			isa = PBXGroup;
			children = (
				C9223D111C667B430049C07C /* Port_lyUITests.swift */,
				C9223D131C667B430049C07C /* Info.plist */,
			);
			path = Port.lyUITests;
			sourceTree = "<group>";
		};
/* End PBXGroup section */

/* Begin PBXNativeTarget section */
		C9223CED1C667B430049C07C /* Port.ly */ = {
			isa = PBXNativeTarget;
			buildConfigurationList = C9223D161C667B430049C07C /* Build configuration list for PBXNativeTarget "Port.ly" */;
			buildPhases = (
				C9223CEA1C667B430049C07C /* Sources */,
				C9223CEB1C667B430049C07C /* Frameworks */,
				C9223CEC1C667B430049C07C /* Resources */,
			);
			buildRules = (
			);
			dependencies = (
			);
			name = Port.ly;
			productName = Port.ly;
			productReference = C9223CEE1C667B430049C07C /* Port.ly.app */;
			productType = "com.apple.product-type.application";
		};
		C9223D011C667B430049C07C /* Port.lyTests */ = {
			isa = PBXNativeTarget;
			buildConfigurationList = C9223D191C667B430049C07C /* Build configuration list for PBXNativeTarget "Port.lyTests" */;
			buildPhases = (
				C9223CFE1C667B430049C07C /* Sources */,
				C9223CFF1C667B430049C07C /* Frameworks */,
				C9223D001C667B430049C07C /* Resources */,
			);
			buildRules = (
			);
			dependencies = (
				C9223D041C667B430049C07C /* PBXTargetDependency */,
			);
			name = Port.lyTests;
			productName = Port.lyTests;
			productReference = C9223D021C667B430049C07C /* Port.lyTests.xctest */;
			productType = "com.apple.product-type.bundle.unit-test";
		};
		C9223D0C1C667B430049C07C /* Port.lyUITests */ = {
			isa = PBXNativeTarget;
			buildConfigurationList = C9223D1C1C667B430049C07C /* Build configuration list for PBXNativeTarget "Port.lyUITests" */;
			buildPhases = (
				C9223D091C667B430049C07C /* Sources */,
				C9223D0A1C667B430049C07C /* Frameworks */,
				C9223D0B1C667B430049C07C /* Resources */,
			);
			buildRules = (
			);
			dependencies = (
				C9223D0F1C667B430049C07C /* PBXTargetDependency */,
			);
			name = Port.lyUITests;
			productName = Port.lyUITests;
			productReference = C9223D0D1C667B430049C07C /* Port.lyUITests.xctest */;
			productType = "com.apple.product-type.bundle.ui-testing";
		};
/* End PBXNativeTarget section */

/* Begin PBXProject section */
		C9223CE61C667B430049C07C /* Project object */ = {
			isa = PBXProject;
			attributes = {
				LastSwiftUpdateCheck = 0720;
				LastUpgradeCheck = 0720;
				ORGANIZATIONNAME = "Matthew Cooper";
				TargetAttributes = {
					C9223CED1C667B430049C07C = {
						CreatedOnToolsVersion = 7.2.1;
					};
					C9223D011C667B430049C07C = {
						CreatedOnToolsVersion = 7.2.1;
						TestTargetID = C9223CED1C667B430049C07C;
					};
					C9223D0C1C667B430049C07C = {
						CreatedOnToolsVersion = 7.2.1;
						TestTargetID = C9223CED1C667B430049C07C;
					};
				};
			};
			buildConfigurationList = C9223CE91C667B430049C07C /* Build configuration list for PBXProject "Port.ly" */;
			compatibilityVersion = "Xcode 3.2";
			developmentRegion = English;
			hasScannedForEncodings = 0;
			knownRegions = (
				en,
				Base,
			);
			mainGroup = C9223CE51C667B430049C07C;
			productRefGroup = C9223CEF1C667B430049C07C /* Products */;
			projectDirPath = "";
			projectRoot = "";
			targets = (
				C9223CED1C667B430049C07C /* Port.ly */,
				C9223D011C667B430049C07C /* Port.lyTests */,
				C9223D0C1C667B430049C07C /* Port.lyUITests */,
			);
		};
/* End PBXProject section */

/* Begin PBXResourcesBuildPhase section */
		C9223CEC1C667B430049C07C /* Resources */ = {
			isa = PBXResourcesBuildPhase;
			buildActionMask = 2147483647;
			files = (
				C9223CFC1C667B430049C07C /* LaunchScreen.storyboard in Resources */,
				C9223CF91C667B430049C07C /* Assets.xcassets in Resources */,
				C9223CF71C667B430049C07C /* Main.storyboard in Resources */,
			);
			runOnlyForDeploymentPostprocessing = 0;
		};
		C9223D001C667B430049C07C /* Resources */ = {
			isa = PBXResourcesBuildPhase;
			buildActionMask = 2147483647;
			files = (
			);
			runOnlyForDeploymentPostprocessing = 0;
		};
		C9223D0B1C667B430049C07C /* Resources */ = {
			isa = PBXResourcesBuildPhase;
			buildActionMask = 2147483647;
			files = (
			);
			runOnlyForDeploymentPostprocessing = 0;
		};
/* End PBXResourcesBuildPhase section */

/* Begin PBXSourcesBuildPhase section */
		C9223CEA1C667B430049C07C /* Sources */ = {
			isa = PBXSourcesBuildPhase;
			buildActionMask = 2147483647;
			files = (
				C9223CF41C667B430049C07C /* ViewController.swift in Sources */,
				C9223CF21C667B430049C07C /* AppDelegate.swift in Sources */,
			);
			runOnlyForDeploymentPostprocessing = 0;
		};
		C9223CFE1C667B430049C07C /* Sources */ = {
			isa = PBXSourcesBuildPhase;
			buildActionMask = 2147483647;
			files = (
				C9223D071C667B430049C07C /* Port_lyTests.swift in Sources */,
			);
			runOnlyForDeploymentPostprocessing = 0;
		};
		C9223D091C667B430049C07C /* Sources */ = {
			isa = PBXSourcesBuildPhase;
			buildActionMask = 2147483647;
			files = (
				C9223D121C667B430049C07C /* Port_lyUITests.swift in Sources */,
			);
			runOnlyForDeploymentPostprocessing = 0;
		};
/* End PBXSourcesBuildPhase section */

/* Begin PBXTargetDependency section */
		C9223D041C667B430049C07C /* PBXTargetDependency */ = {
			isa = PBXTargetDependency;
			target = C9223CED1C667B430049C07C /* Port.ly */;
			targetProxy = C9223D031C667B430049C07C /* PBXContainerItemProxy */;
		};
		C9223D0F1C667B430049C07C /* PBXTargetDependency */ = {
			isa = PBXTargetDependency;
			target = C9223CED1C667B430049C07C /* Port.ly */;
			targetProxy = C9223D0E1C667B430049C07C /* PBXContainerItemProxy */;
		};
/* End PBXTargetDependency section */

/* Begin PBXVariantGroup section */
		C9223CF51C667B430049C07C /* Main.storyboard */ = {
			isa = PBXVariantGroup;
			children = (
				C9223CF61C667B430049C07C /* Base */,
			);
			name = Main.storyboard;
			sourceTree = "<group>";
		};
		C9223CFA1C667B430049C07C /* LaunchScreen.storyboard */ = {
			isa = PBXVariantGroup;
			children = (
				C9223CFB1C667B430049C07C /* Base */,
			);
			name = LaunchScreen.storyboard;
			sourceTree = "<group>";
		};
/* End PBXVariantGroup section */

/* Begin XCBuildConfiguration section */
		C9223D141C667B430049C07C /* Debug */ = {
			isa = XCBuildConfiguration;
			buildSettings = {
				ALWAYS_SEARCH_USER_PATHS = NO;
				CLANG_CXX_LANGUAGE_STANDARD = "gnu++0x";
				CLANG_CXX_LIBRARY = "libc++";
				CLANG_ENABLE_MODULES = YES;
				CLANG_ENABLE_OBJC_ARC = YES;
				CLANG_WARN_BOOL_CONVERSION = YES;
				CLANG_WARN_CONSTANT_CONVERSION = YES;
				CLANG_WARN_DIRECT_OBJC_ISA_USAGE = YES_ERROR;
				CLANG_WARN_EMPTY_BODY = YES;
				CLANG_WARN_ENUM_CONVERSION = YES;
				CLANG_WARN_INT_CONVERSION = YES;
				CLANG_WARN_OBJC_ROOT_CLASS = YES_ERROR;
				CLANG_WARN_UNREACHABLE_CODE = YES;
				CLANG_WARN__DUPLICATE_METHOD_MATCH = YES;
				"CODE_SIGN_IDENTITY[sdk=iphoneos*]" = "iPhone Developer";
				COPY_PHASE_STRIP = NO;
				DEBUG_INFORMATION_FORMAT = dwarf;
				ENABLE_STRICT_OBJC_MSGSEND = YES;
				ENABLE_TESTABILITY = YES;
				GCC_C_LANGUAGE_STANDARD = gnu99;
				GCC_DYNAMIC_NO_PIC = NO;
				GCC_NO_COMMON_BLOCKS = YES;
				GCC_OPTIMIZATION_LEVEL = 0;
				GCC_PREPROCESSOR_DEFINITIONS = (
					"DEBUG=1",
					"$(inherited)",
				);
				GCC_WARN_64_TO_32_BIT_CONVERSION = YES;
				GCC_WARN_ABOUT_RETURN_TYPE = YES_ERROR;
				GCC_WARN_UNDECLARED_SELECTOR = YES;
				GCC_WARN_UNINITIALIZED_AUTOS = YES_AGGRESSIVE;
				GCC_WARN_UNUSED_FUNCTION = YES;
				GCC_WARN_UNUSED_VARIABLE = YES;
				IPHONEOS_DEPLOYMENT_TARGET = 9.2;
				MTL_ENABLE_DEBUG_INFO = YES;
				ONLY_ACTIVE_ARCH = YES;
				SDKROOT = iphoneos;
				SWIFT_OPTIMIZATION_LEVEL = "-Onone";
				TARGETED_DEVICE_FAMILY = "1,2";
			};
			name = Debug;
		};
		C9223D151C667B430049C07C /* Release */ = {
			isa = XCBuildConfiguration;
			buildSettings = {
				ALWAYS_SEARCH_USER_PATHS = NO;
				CLANG_CXX_LANGUAGE_STANDARD = "gnu++0x";
				CLANG_CXX_LIBRARY = "libc++";
				CLANG_ENABLE_MODULES = YES;
				CLANG_ENABLE_OBJC_ARC = YES;
				CLANG_WARN_BOOL_CONVERSION = YES;
				CLANG_WARN_CONSTANT_CONVERSION = YES;
				CLANG_WARN_DIRECT_OBJC_ISA_USAGE = YES_ERROR;
				CLANG_WARN_EMPTY_BODY = YES;
				CLANG_WARN_ENUM_CONVERSION = YES;
				CLANG_WARN_INT_CONVERSION = YES;
				CLANG_WARN_OBJC_ROOT_CLASS = YES_ERROR;
				CLANG_WARN_UNREACHABLE_CODE = YES;
				CLANG_WARN__DUPLICATE_METHOD_MATCH = YES;
				"CODE_SIGN_IDENTITY[sdk=iphoneos*]" = "iPhone Developer";
				COPY_PHASE_STRIP = NO;
				DEBUG_INFORMATION_FORMAT = "dwarf-with-dsym";
				ENABLE_NS_ASSERTIONS = NO;
				ENABLE_STRICT_OBJC_MSGSEND = YES;
				GCC_C_LANGUAGE_STANDARD = gnu99;
				GCC_NO_COMMON_BLOCKS = YES;
				GCC_WARN_64_TO_32_BIT_CONVERSION = YES;
				GCC_WARN_ABOUT_RETURN_TYPE = YES_ERROR;
				GCC_WARN_UNDECLARED_SELECTOR = YES;
				GCC_WARN_UNINITIALIZED_AUTOS = YES_AGGRESSIVE;
				GCC_WARN_UNUSED_FUNCTION = YES;
				GCC_WARN_UNUSED_VARIABLE = YES;
				IPHONEOS_DEPLOYMENT_TARGET = 9.2;
				MTL_ENABLE_DEBUG_INFO = NO;
				SDKROOT = iphoneos;
				TARGETED_DEVICE_FAMILY = "1,2";
				VALIDATE_PRODUCT = YES;
			};
			name = Release;
		};
		C9223D171C667B430049C07C /* Debug */ = {
			isa = XCBuildConfiguration;
			buildSettings = {
				ASSETCATALOG_COMPILER_APPICON_NAME = AppIcon;
				INFOPLIST_FILE = Port.ly/Info.plist;
				LD_RUNPATH_SEARCH_PATHS = "$(inherited) @executable_path/Frameworks";
				PRODUCT_BUNDLE_IDENTIFIER = "ly.port.Port-ly";
				PRODUCT_NAME = "$(TARGET_NAME)";
			};
			name = Debug;
		};
		C9223D181C667B430049C07C /* Release */ = {
			isa = XCBuildConfiguration;
			buildSettings = {
				ASSETCATALOG_COMPILER_APPICON_NAME = AppIcon;
				INFOPLIST_FILE = Port.ly/Info.plist;
				LD_RUNPATH_SEARCH_PATHS = "$(inherited) @executable_path/Frameworks";
				PRODUCT_BUNDLE_IDENTIFIER = "ly.port.Port-ly";
				PRODUCT_NAME = "$(TARGET_NAME)";
			};
			name = Release;
		};
		C9223D1A1C667B430049C07C /* Debug */ = {
			isa = XCBuildConfiguration;
			buildSettings = {
				BUNDLE_LOADER = "$(TEST_HOST)";
				INFOPLIST_FILE = Port.lyTests/Info.plist;
				LD_RUNPATH_SEARCH_PATHS = "$(inherited) @executable_path/Frameworks @loader_path/Frameworks";
				PRODUCT_BUNDLE_IDENTIFIER = "ly.port.Port-lyTests";
				PRODUCT_NAME = "$(TARGET_NAME)";
				TEST_HOST = "$(BUILT_PRODUCTS_DIR)/Port.ly.app/Port.ly";
			};
			name = Debug;
		};
		C9223D1B1C667B430049C07C /* Release */ = {
			isa = XCBuildConfiguration;
			buildSettings = {
				BUNDLE_LOADER = "$(TEST_HOST)";
				INFOPLIST_FILE = Port.lyTests/Info.plist;
				LD_RUNPATH_SEARCH_PATHS = "$(inherited) @executable_path/Frameworks @loader_path/Frameworks";
				PRODUCT_BUNDLE_IDENTIFIER = "ly.port.Port-lyTests";
				PRODUCT_NAME = "$(TARGET_NAME)";
				TEST_HOST = "$(BUILT_PRODUCTS_DIR)/Port.ly.app/Port.ly";
			};
			name = Release;
		};
		C9223D1D1C667B430049C07C /* Debug */ = {
			isa = XCBuildConfiguration;
			buildSettings = {
				INFOPLIST_FILE = Port.lyUITests/Info.plist;
				LD_RUNPATH_SEARCH_PATHS = "$(inherited) @executable_path/Frameworks @loader_path/Frameworks";
				PRODUCT_BUNDLE_IDENTIFIER = "ly.port.Port-lyUITests";
				PRODUCT_NAME = "$(TARGET_NAME)";
				TEST_TARGET_NAME = Port.ly;
				USES_XCTRUNNER = YES;
			};
			name = Debug;
		};
		C9223D1E1C667B430049C07C /* Release */ = {
			isa = XCBuildConfiguration;
			buildSettings = {
				INFOPLIST_FILE = Port.lyUITests/Info.plist;
				LD_RUNPATH_SEARCH_PATHS = "$(inherited) @executable_path/Frameworks @loader_path/Frameworks";
				PRODUCT_BUNDLE_IDENTIFIER = "ly.port.Port-lyUITests";
				PRODUCT_NAME = "$(TARGET_NAME)";
				TEST_TARGET_NAME = Port.ly;
				USES_XCTRUNNER = YES;
			};
			name = Release;
		};
/* End XCBuildConfiguration section */

/* Begin XCConfigurationList section */
		C9223CE91C667B430049C07C /* Build configuration list for PBXProject "Port.ly" */ = {
			isa = XCConfigurationList;
			buildConfigurations = (
				C9223D141C667B430049C07C /* Debug */,
				C9223D151C667B430049C07C /* Release */,
			);
			defaultConfigurationIsVisible = 0;
			defaultConfigurationName = Release;
		};
		C9223D161C667B430049C07C /* Build configuration list for PBXNativeTarget "Port.ly" */ = {
			isa = XCConfigurationList;
			buildConfigurations = (
				C9223D171C667B430049C07C /* Debug */,
				C9223D181C667B430049C07C /* Release */,
			);
			defaultConfigurationIsVisible = 0;
		};
		C9223D191C667B430049C07C /* Build configuration list for PBXNativeTarget "Port.lyTests" */ = {
			isa = XCConfigurationList;
			buildConfigurations = (
				C9223D1A1C667B430049C07C /* Debug */,
				C9223D1B1C667B430049C07C /* Release */,
			);
			defaultConfigurationIsVisible = 0;
		};
		C9223D1C1C667B430049C07C /* Build configuration list for PBXNativeTarget "Port.lyUITests" */ = {
			isa = XCConfigurationList;
			buildConfigurations = (
				C9223D1D1C667B430049C07C /* Debug */,
				C9223D1E1C667B430049C07C /* Release */,
			);
			defaultConfigurationIsVisible = 0;
		};
/* End XCConfigurationList section */
	};
	rootObject = C9223CE61C667B430049C07C /* Project object */;
}
