// !$*UTF8*$!
{
	archiveVersion = 1;
	classes = {
	};
	objectVersion = 46;
	objects = {

/* Begin PBXBuildFile section */
		23F78F3F1C66C49900431C78 /* MapKit.framework in Frameworks */ = {isa = PBXBuildFile; fileRef = 23F78F3E1C66C49900431C78 /* MapKit.framework */; };
		BE1138311C668BBF000CFEAC /* MicrosoftAzureMobile.framework in Frameworks */ = {isa = PBXBuildFile; fileRef = BE1138301C668BBF000CFEAC /* MicrosoftAzureMobile.framework */; };
		C9223CF71C667B430049C07C /* Main.storyboard in Resources */ = {isa = PBXBuildFile; fileRef = C9223CF51C667B430049C07C /* Main.storyboard */; };
		C9223CF91C667B430049C07C /* Assets.xcassets in Resources */ = {isa = PBXBuildFile; fileRef = C9223CF81C667B430049C07C /* Assets.xcassets */; };
		C9223CFC1C667B430049C07C /* LaunchScreen.storyboard in Resources */ = {isa = PBXBuildFile; fileRef = C9223CFA1C667B430049C07C /* LaunchScreen.storyboard */; };
		C9223D071C667B430049C07C /* Port_lyTests.swift in Sources */ = {isa = PBXBuildFile; fileRef = C9223D061C667B430049C07C /* Port_lyTests.swift */; };
		C9223D121C667B430049C07C /* Port_lyUITests.swift in Sources */ = {isa = PBXBuildFile; fileRef = C9223D111C667B430049C07C /* Port_lyUITests.swift */; };
		C9223D501C66C0D40049C07C /* UberActivity.m in Sources */ = {isa = PBXBuildFile; fileRef = C9223D221C66C0D40049C07C /* UberActivity.m */; };
		C9223D511C66C0D40049C07C /* UberPrice.m in Sources */ = {isa = PBXBuildFile; fileRef = C9223D241C66C0D40049C07C /* UberPrice.m */; };
		C9223D521C66C0D40049C07C /* UberProduct.m in Sources */ = {isa = PBXBuildFile; fileRef = C9223D261C66C0D40049C07C /* UberProduct.m */; };
		C9223D531C66C0D40049C07C /* UberProfile.m in Sources */ = {isa = PBXBuildFile; fileRef = C9223D281C66C0D40049C07C /* UberProfile.m */; };
		C9223D541C66C0D40049C07C /* UberPromotion.m in Sources */ = {isa = PBXBuildFile; fileRef = C9223D2A1C66C0D40049C07C /* UberPromotion.m */; };
		C9223D551C66C0D40049C07C /* UberTime.m in Sources */ = {isa = PBXBuildFile; fileRef = C9223D2C1C66C0D40049C07C /* UberTime.m */; };
		C9223D561C66C0D40049C07C /* NSData+NXOAuth2.m in Sources */ = {isa = PBXBuildFile; fileRef = C9223D2F1C66C0D40049C07C /* NSData+NXOAuth2.m */; };
		C9223D571C66C0D40049C07C /* NSString+NXOAuth2.m in Sources */ = {isa = PBXBuildFile; fileRef = C9223D311C66C0D40049C07C /* NSString+NXOAuth2.m */; };
		C9223D581C66C0D40049C07C /* NSURL+NXOAuth2.m in Sources */ = {isa = PBXBuildFile; fileRef = C9223D331C66C0D40049C07C /* NSURL+NXOAuth2.m */; };
		C9223D591C66C0D40049C07C /* NXOAuth2AccessToken.m in Sources */ = {isa = PBXBuildFile; fileRef = C9223D361C66C0D40049C07C /* NXOAuth2AccessToken.m */; };
		C9223D5A1C66C0D40049C07C /* NXOAuth2Account.m in Sources */ = {isa = PBXBuildFile; fileRef = C9223D391C66C0D40049C07C /* NXOAuth2Account.m */; };
		C9223D5B1C66C0D40049C07C /* NXOAuth2AccountStore.m in Sources */ = {isa = PBXBuildFile; fileRef = C9223D3B1C66C0D40049C07C /* NXOAuth2AccountStore.m */; };
		C9223D5C1C66C0D40049C07C /* NXOAuth2Client.m in Sources */ = {isa = PBXBuildFile; fileRef = C9223D3D1C66C0D40049C07C /* NXOAuth2Client.m */; };
		C9223D5D1C66C0D40049C07C /* NXOAuth2Connection.m in Sources */ = {isa = PBXBuildFile; fileRef = C9223D401C66C0D40049C07C /* NXOAuth2Connection.m */; };
		C9223D5E1C66C0D40049C07C /* NXOAuth2Constants.m in Sources */ = {isa = PBXBuildFile; fileRef = C9223D431C66C0D40049C07C /* NXOAuth2Constants.m */; };
		C9223D5F1C66C0D40049C07C /* NXOAuth2FileStreamWrapper.m in Sources */ = {isa = PBXBuildFile; fileRef = C9223D451C66C0D40049C07C /* NXOAuth2FileStreamWrapper.m */; };
		C9223D601C66C0D40049C07C /* NXOAuth2PostBodyPart.m in Sources */ = {isa = PBXBuildFile; fileRef = C9223D471C66C0D40049C07C /* NXOAuth2PostBodyPart.m */; };
		C9223D611C66C0D40049C07C /* NXOAuth2PostBodyStream.m in Sources */ = {isa = PBXBuildFile; fileRef = C9223D491C66C0D40049C07C /* NXOAuth2PostBodyStream.m */; };
		C9223D621C66C0D40049C07C /* NXOAuth2Request.m in Sources */ = {isa = PBXBuildFile; fileRef = C9223D4B1C66C0D40049C07C /* NXOAuth2Request.m */; };
		C9223D631C66C0D40049C07C /* UberKit.m in Sources */ = {isa = PBXBuildFile; fileRef = C9223D4F1C66C0D40049C07C /* UberKit.m */; };
		C9223DA51C66C1180049C07C /* AppDelegate.m in Sources */ = {isa = PBXBuildFile; fileRef = C9223DA41C66C1180049C07C /* AppDelegate.m */; };
		C9223DA81C66C1AC0049C07C /* RequestVC.m in Sources */ = {isa = PBXBuildFile; fileRef = C9223DA71C66C1AC0049C07C /* RequestVC.m */; };
		C9F77DED1C66C691000166B5 /* main.m in Sources */ = {isa = PBXBuildFile; fileRef = C9F77DEC1C66C691000166B5 /* main.m */; };
		C9F77DF01C66C838000166B5 /* ReservationVC.m in Sources */ = {isa = PBXBuildFile; fileRef = C9F77DEF1C66C838000166B5 /* ReservationVC.m */; };
		C9F77DF31C66FCBB000166B5 /* LoadingView.m in Sources */ = {isa = PBXBuildFile; fileRef = C9F77DF21C66FCBB000166B5 /* LoadingView.m */; };
		C9F77DFA1C66FCF0000166B5 /* NGAParallaxMotion.m in Sources */ = {isa = PBXBuildFile; fileRef = C9F77DF91C66FCF0000166B5 /* NGAParallaxMotion.m */; };
		C9F77DFD1C67032D000166B5 /* Flight.m in Sources */ = {isa = PBXBuildFile; fileRef = C9F77DFC1C67032D000166B5 /* Flight.m */; };
/* End PBXBuildFile section */

/* Begin PBXContainerItemProxy section */
		C9223D031C667B430049C07C /* PBXContainerItemProxy */ = {
			isa = PBXContainerItemProxy;
			containerPortal = C9223CE61C667B430049C07C /* Project object */;
			proxyType = 1;
			remoteGlobalIDString = C9223CED1C667B430049C07C;
			remoteInfo = Port.ly;
		};
		C9223D0E1C667B430049C07C /* PBXContainerItemProxy */ = {
			isa = PBXContainerItemProxy;
			containerPortal = C9223CE61C667B430049C07C /* Project object */;
			proxyType = 1;
			remoteGlobalIDString = C9223CED1C667B430049C07C;
			remoteInfo = Port.ly;
		};
/* End PBXContainerItemProxy section */

/* Begin PBXFileReference section */
		23F78F3E1C66C49900431C78 /* MapKit.framework */ = {isa = PBXFileReference; lastKnownFileType = wrapper.framework; name = MapKit.framework; path = System/Library/Frameworks/MapKit.framework; sourceTree = SDKROOT; };
		BE1138301C668BBF000CFEAC /* MicrosoftAzureMobile.framework */ = {isa = PBXFileReference; lastKnownFileType = wrapper.framework; path = MicrosoftAzureMobile.framework; sourceTree = "<group>"; };
		C9223CEE1C667B430049C07C /* Port.ly.app */ = {isa = PBXFileReference; explicitFileType = wrapper.application; includeInIndex = 0; path = Port.ly.app; sourceTree = BUILT_PRODUCTS_DIR; };
		C9223CF61C667B430049C07C /* Base */ = {isa = PBXFileReference; lastKnownFileType = file.storyboard; name = Base; path = Base.lproj/Main.storyboard; sourceTree = "<group>"; };
		C9223CF81C667B430049C07C /* Assets.xcassets */ = {isa = PBXFileReference; lastKnownFileType = folder.assetcatalog; path = Assets.xcassets; sourceTree = "<group>"; };
		C9223CFB1C667B430049C07C /* Base */ = {isa = PBXFileReference; lastKnownFileType = file.storyboard; name = Base; path = Base.lproj/LaunchScreen.storyboard; sourceTree = "<group>"; };
		C9223CFD1C667B430049C07C /* Info.plist */ = {isa = PBXFileReference; lastKnownFileType = text.plist.xml; path = Info.plist; sourceTree = "<group>"; };
		C9223D021C667B430049C07C /* Port.lyTests.xctest */ = {isa = PBXFileReference; explicitFileType = wrapper.cfbundle; includeInIndex = 0; path = Port.lyTests.xctest; sourceTree = BUILT_PRODUCTS_DIR; };
		C9223D061C667B430049C07C /* Port_lyTests.swift */ = {isa = PBXFileReference; lastKnownFileType = sourcecode.swift; path = Port_lyTests.swift; sourceTree = "<group>"; };
		C9223D081C667B430049C07C /* Info.plist */ = {isa = PBXFileReference; lastKnownFileType = text.plist.xml; path = Info.plist; sourceTree = "<group>"; };
		C9223D0D1C667B430049C07C /* Port.lyUITests.xctest */ = {isa = PBXFileReference; explicitFileType = wrapper.cfbundle; includeInIndex = 0; path = Port.lyUITests.xctest; sourceTree = BUILT_PRODUCTS_DIR; };
		C9223D111C667B430049C07C /* Port_lyUITests.swift */ = {isa = PBXFileReference; lastKnownFileType = sourcecode.swift; path = Port_lyUITests.swift; sourceTree = "<group>"; };
		C9223D131C667B430049C07C /* Info.plist */ = {isa = PBXFileReference; lastKnownFileType = text.plist.xml; path = Info.plist; sourceTree = "<group>"; };
		C9223D211C66C0D40049C07C /* UberActivity.h */ = {isa = PBXFileReference; fileEncoding = 4; lastKnownFileType = sourcecode.c.h; path = UberActivity.h; sourceTree = "<group>"; };
		C9223D221C66C0D40049C07C /* UberActivity.m */ = {isa = PBXFileReference; fileEncoding = 4; lastKnownFileType = sourcecode.c.objc; path = UberActivity.m; sourceTree = "<group>"; };
		C9223D231C66C0D40049C07C /* UberPrice.h */ = {isa = PBXFileReference; fileEncoding = 4; lastKnownFileType = sourcecode.c.h; path = UberPrice.h; sourceTree = "<group>"; };
		C9223D241C66C0D40049C07C /* UberPrice.m */ = {isa = PBXFileReference; fileEncoding = 4; lastKnownFileType = sourcecode.c.objc; path = UberPrice.m; sourceTree = "<group>"; };
		C9223D251C66C0D40049C07C /* UberProduct.h */ = {isa = PBXFileReference; fileEncoding = 4; lastKnownFileType = sourcecode.c.h; path = UberProduct.h; sourceTree = "<group>"; };
		C9223D261C66C0D40049C07C /* UberProduct.m */ = {isa = PBXFileReference; fileEncoding = 4; lastKnownFileType = sourcecode.c.objc; path = UberProduct.m; sourceTree = "<group>"; };
		C9223D271C66C0D40049C07C /* UberProfile.h */ = {isa = PBXFileReference; fileEncoding = 4; lastKnownFileType = sourcecode.c.h; path = UberProfile.h; sourceTree = "<group>"; };
		C9223D281C66C0D40049C07C /* UberProfile.m */ = {isa = PBXFileReference; fileEncoding = 4; lastKnownFileType = sourcecode.c.objc; path = UberProfile.m; sourceTree = "<group>"; };
		C9223D291C66C0D40049C07C /* UberPromotion.h */ = {isa = PBXFileReference; fileEncoding = 4; lastKnownFileType = sourcecode.c.h; path = UberPromotion.h; sourceTree = "<group>"; };
		C9223D2A1C66C0D40049C07C /* UberPromotion.m */ = {isa = PBXFileReference; fileEncoding = 4; lastKnownFileType = sourcecode.c.objc; path = UberPromotion.m; sourceTree = "<group>"; };
		C9223D2B1C66C0D40049C07C /* UberTime.h */ = {isa = PBXFileReference; fileEncoding = 4; lastKnownFileType = sourcecode.c.h; path = UberTime.h; sourceTree = "<group>"; };
		C9223D2C1C66C0D40049C07C /* UberTime.m */ = {isa = PBXFileReference; fileEncoding = 4; lastKnownFileType = sourcecode.c.objc; path = UberTime.m; sourceTree = "<group>"; };
		C9223D2E1C66C0D40049C07C /* NSData+NXOAuth2.h */ = {isa = PBXFileReference; fileEncoding = 4; lastKnownFileType = sourcecode.c.h; path = "NSData+NXOAuth2.h"; sourceTree = "<group>"; };
		C9223D2F1C66C0D40049C07C /* NSData+NXOAuth2.m */ = {isa = PBXFileReference; fileEncoding = 4; lastKnownFileType = sourcecode.c.objc; path = "NSData+NXOAuth2.m"; sourceTree = "<group>"; };
		C9223D301C66C0D40049C07C /* NSString+NXOAuth2.h */ = {isa = PBXFileReference; fileEncoding = 4; lastKnownFileType = sourcecode.c.h; path = "NSString+NXOAuth2.h"; sourceTree = "<group>"; };
		C9223D311C66C0D40049C07C /* NSString+NXOAuth2.m */ = {isa = PBXFileReference; fileEncoding = 4; lastKnownFileType = sourcecode.c.objc; path = "NSString+NXOAuth2.m"; sourceTree = "<group>"; };
		C9223D321C66C0D40049C07C /* NSURL+NXOAuth2.h */ = {isa = PBXFileReference; fileEncoding = 4; lastKnownFileType = sourcecode.c.h; path = "NSURL+NXOAuth2.h"; sourceTree = "<group>"; };
		C9223D331C66C0D40049C07C /* NSURL+NXOAuth2.m */ = {isa = PBXFileReference; fileEncoding = 4; lastKnownFileType = sourcecode.c.objc; path = "NSURL+NXOAuth2.m"; sourceTree = "<group>"; };
		C9223D341C66C0D40049C07C /* NXOAuth2.h */ = {isa = PBXFileReference; fileEncoding = 4; lastKnownFileType = sourcecode.c.h; path = NXOAuth2.h; sourceTree = "<group>"; };
		C9223D351C66C0D40049C07C /* NXOAuth2AccessToken.h */ = {isa = PBXFileReference; fileEncoding = 4; lastKnownFileType = sourcecode.c.h; path = NXOAuth2AccessToken.h; sourceTree = "<group>"; };
		C9223D361C66C0D40049C07C /* NXOAuth2AccessToken.m */ = {isa = PBXFileReference; fileEncoding = 4; lastKnownFileType = sourcecode.c.objc; path = NXOAuth2AccessToken.m; sourceTree = "<group>"; };
		C9223D371C66C0D40049C07C /* NXOAuth2Account+Private.h */ = {isa = PBXFileReference; fileEncoding = 4; lastKnownFileType = sourcecode.c.h; path = "NXOAuth2Account+Private.h"; sourceTree = "<group>"; };
		C9223D381C66C0D40049C07C /* NXOAuth2Account.h */ = {isa = PBXFileReference; fileEncoding = 4; lastKnownFileType = sourcecode.c.h; path = NXOAuth2Account.h; sourceTree = "<group>"; };
		C9223D391C66C0D40049C07C /* NXOAuth2Account.m */ = {isa = PBXFileReference; fileEncoding = 4; lastKnownFileType = sourcecode.c.objc; path = NXOAuth2Account.m; sourceTree = "<group>"; };
		C9223D3A1C66C0D40049C07C /* NXOAuth2AccountStore.h */ = {isa = PBXFileReference; fileEncoding = 4; lastKnownFileType = sourcecode.c.h; path = NXOAuth2AccountStore.h; sourceTree = "<group>"; };
		C9223D3B1C66C0D40049C07C /* NXOAuth2AccountStore.m */ = {isa = PBXFileReference; fileEncoding = 4; lastKnownFileType = sourcecode.c.objc; path = NXOAuth2AccountStore.m; sourceTree = "<group>"; };
		C9223D3C1C66C0D40049C07C /* NXOAuth2Client.h */ = {isa = PBXFileReference; fileEncoding = 4; lastKnownFileType = sourcecode.c.h; path = NXOAuth2Client.h; sourceTree = "<group>"; };
		C9223D3D1C66C0D40049C07C /* NXOAuth2Client.m */ = {isa = PBXFileReference; fileEncoding = 4; lastKnownFileType = sourcecode.c.objc; path = NXOAuth2Client.m; sourceTree = "<group>"; };
		C9223D3E1C66C0D40049C07C /* NXOAuth2ClientDelegate.h */ = {isa = PBXFileReference; fileEncoding = 4; lastKnownFileType = sourcecode.c.h; path = NXOAuth2ClientDelegate.h; sourceTree = "<group>"; };
		C9223D3F1C66C0D40049C07C /* NXOAuth2Connection.h */ = {isa = PBXFileReference; fileEncoding = 4; lastKnownFileType = sourcecode.c.h; path = NXOAuth2Connection.h; sourceTree = "<group>"; };
		C9223D401C66C0D40049C07C /* NXOAuth2Connection.m */ = {isa = PBXFileReference; fileEncoding = 4; lastKnownFileType = sourcecode.c.objc; path = NXOAuth2Connection.m; sourceTree = "<group>"; };
		C9223D411C66C0D40049C07C /* NXOAuth2ConnectionDelegate.h */ = {isa = PBXFileReference; fileEncoding = 4; lastKnownFileType = sourcecode.c.h; path = NXOAuth2ConnectionDelegate.h; sourceTree = "<group>"; };
		C9223D421C66C0D40049C07C /* NXOAuth2Constants.h */ = {isa = PBXFileReference; fileEncoding = 4; lastKnownFileType = sourcecode.c.h; path = NXOAuth2Constants.h; sourceTree = "<group>"; };
		C9223D431C66C0D40049C07C /* NXOAuth2Constants.m */ = {isa = PBXFileReference; fileEncoding = 4; lastKnownFileType = sourcecode.c.objc; path = NXOAuth2Constants.m; sourceTree = "<group>"; };
		C9223D441C66C0D40049C07C /* NXOAuth2FileStreamWrapper.h */ = {isa = PBXFileReference; fileEncoding = 4; lastKnownFileType = sourcecode.c.h; path = NXOAuth2FileStreamWrapper.h; sourceTree = "<group>"; };
		C9223D451C66C0D40049C07C /* NXOAuth2FileStreamWrapper.m */ = {isa = PBXFileReference; fileEncoding = 4; lastKnownFileType = sourcecode.c.objc; path = NXOAuth2FileStreamWrapper.m; sourceTree = "<group>"; };
		C9223D461C66C0D40049C07C /* NXOAuth2PostBodyPart.h */ = {isa = PBXFileReference; fileEncoding = 4; lastKnownFileType = sourcecode.c.h; path = NXOAuth2PostBodyPart.h; sourceTree = "<group>"; };
		C9223D471C66C0D40049C07C /* NXOAuth2PostBodyPart.m */ = {isa = PBXFileReference; fileEncoding = 4; lastKnownFileType = sourcecode.c.objc; path = NXOAuth2PostBodyPart.m; sourceTree = "<group>"; };
		C9223D481C66C0D40049C07C /* NXOAuth2PostBodyStream.h */ = {isa = PBXFileReference; fileEncoding = 4; lastKnownFileType = sourcecode.c.h; path = NXOAuth2PostBodyStream.h; sourceTree = "<group>"; };
		C9223D491C66C0D40049C07C /* NXOAuth2PostBodyStream.m */ = {isa = PBXFileReference; fileEncoding = 4; lastKnownFileType = sourcecode.c.objc; path = NXOAuth2PostBodyStream.m; sourceTree = "<group>"; };
		C9223D4A1C66C0D40049C07C /* NXOAuth2Request.h */ = {isa = PBXFileReference; fileEncoding = 4; lastKnownFileType = sourcecode.c.h; path = NXOAuth2Request.h; sourceTree = "<group>"; };
		C9223D4B1C66C0D40049C07C /* NXOAuth2Request.m */ = {isa = PBXFileReference; fileEncoding = 4; lastKnownFileType = sourcecode.c.objc; path = NXOAuth2Request.m; sourceTree = "<group>"; };
		C9223D4C1C66C0D40049C07C /* NXOAuth2TrustDelegate.h */ = {isa = PBXFileReference; fileEncoding = 4; lastKnownFileType = sourcecode.c.h; path = NXOAuth2TrustDelegate.h; sourceTree = "<group>"; };
		C9223D4D1C66C0D40049C07C /* OAuth2Client_Prefix.pch */ = {isa = PBXFileReference; fileEncoding = 4; lastKnownFileType = sourcecode.c.h; path = OAuth2Client_Prefix.pch; sourceTree = "<group>"; };
		C9223D4E1C66C0D40049C07C /* UberKit.h */ = {isa = PBXFileReference; fileEncoding = 4; lastKnownFileType = sourcecode.c.h; path = UberKit.h; sourceTree = "<group>"; };
		C9223D4F1C66C0D40049C07C /* UberKit.m */ = {isa = PBXFileReference; fileEncoding = 4; lastKnownFileType = sourcecode.c.objc; path = UberKit.m; sourceTree = "<group>"; };
		C9223DA31C66C1180049C07C /* AppDelegate.h */ = {isa = PBXFileReference; fileEncoding = 4; lastKnownFileType = sourcecode.c.h; path = AppDelegate.h; sourceTree = "<group>"; };
		C9223DA41C66C1180049C07C /* AppDelegate.m */ = {isa = PBXFileReference; fileEncoding = 4; lastKnownFileType = sourcecode.c.objc; path = AppDelegate.m; sourceTree = "<group>"; };
		C9223DA61C66C1AC0049C07C /* RequestVC.h */ = {isa = PBXFileReference; fileEncoding = 4; lastKnownFileType = sourcecode.c.h; path = RequestVC.h; sourceTree = "<group>"; };
		C9223DA71C66C1AC0049C07C /* RequestVC.m */ = {isa = PBXFileReference; fileEncoding = 4; lastKnownFileType = sourcecode.c.objc; path = RequestVC.m; sourceTree = "<group>"; };
		C9F77DEC1C66C691000166B5 /* main.m */ = {isa = PBXFileReference; fileEncoding = 4; lastKnownFileType = sourcecode.c.objc; name = main.m; path = Port.ly/main.m; sourceTree = SOURCE_ROOT; };
		C9F77DEE1C66C838000166B5 /* ReservationVC.h */ = {isa = PBXFileReference; fileEncoding = 4; lastKnownFileType = sourcecode.c.h; path = ReservationVC.h; sourceTree = "<group>"; };
		C9F77DEF1C66C838000166B5 /* ReservationVC.m */ = {isa = PBXFileReference; fileEncoding = 4; lastKnownFileType = sourcecode.c.objc; path = ReservationVC.m; sourceTree = "<group>"; };
		C9F77DF11C66FCBB000166B5 /* LoadingView.h */ = {isa = PBXFileReference; fileEncoding = 4; lastKnownFileType = sourcecode.c.h; path = LoadingView.h; sourceTree = "<group>"; };
		C9F77DF21C66FCBB000166B5 /* LoadingView.m */ = {isa = PBXFileReference; fileEncoding = 4; lastKnownFileType = sourcecode.c.objc; path = LoadingView.m; sourceTree = "<group>"; };
		C9F77DF81C66FCF0000166B5 /* NGAParallaxMotion.h */ = {isa = PBXFileReference; fileEncoding = 4; lastKnownFileType = sourcecode.c.h; path = NGAParallaxMotion.h; sourceTree = "<group>"; };
		C9F77DF91C66FCF0000166B5 /* NGAParallaxMotion.m */ = {isa = PBXFileReference; fileEncoding = 4; lastKnownFileType = sourcecode.c.objc; path = NGAParallaxMotion.m; sourceTree = "<group>"; };
		C9F77DFB1C67032D000166B5 /* Flight.h */ = {isa = PBXFileReference; fileEncoding = 4; lastKnownFileType = sourcecode.c.h; path = Flight.h; sourceTree = "<group>"; };
		C9F77DFC1C67032D000166B5 /* Flight.m */ = {isa = PBXFileReference; fileEncoding = 4; lastKnownFileType = sourcecode.c.objc; path = Flight.m; sourceTree = "<group>"; };
/* End PBXFileReference section */

/* Begin PBXFrameworksBuildPhase section */
		C9223CEB1C667B430049C07C /* Frameworks */ = {
			isa = PBXFrameworksBuildPhase;
			buildActionMask = 2147483647;
			files = (
				23F78F3F1C66C49900431C78 /* MapKit.framework in Frameworks */,
				BE1138311C668BBF000CFEAC /* MicrosoftAzureMobile.framework in Frameworks */,
			);
			runOnlyForDeploymentPostprocessing = 0;
		};
		C9223CFF1C667B430049C07C /* Frameworks */ = {
			isa = PBXFrameworksBuildPhase;
			buildActionMask = 2147483647;
			files = (
			);
			runOnlyForDeploymentPostprocessing = 0;
		};
		C9223D0A1C667B430049C07C /* Frameworks */ = {
			isa = PBXFrameworksBuildPhase;
			buildActionMask = 2147483647;
			files = (
			);
			runOnlyForDeploymentPostprocessing = 0;
		};
/* End PBXFrameworksBuildPhase section */

/* Begin PBXGroup section */
		C9223CE51C667B430049C07C = {
			isa = PBXGroup;
			children = (
				23F78F3E1C66C49900431C78 /* MapKit.framework */,
				C9223CF01C667B430049C07C /* Port.ly */,
				C9223D051C667B430049C07C /* Port.lyTests */,
				C9223D101C667B430049C07C /* Port.lyUITests */,
				C9223CEF1C667B430049C07C /* Products */,
			);
			sourceTree = "<group>";
		};
		C9223CEF1C667B430049C07C /* Products */ = {
			isa = PBXGroup;
			children = (
				C9223CEE1C667B430049C07C /* Port.ly.app */,
				C9223D021C667B430049C07C /* Port.lyTests.xctest */,
				C9223D0D1C667B430049C07C /* Port.lyUITests.xctest */,
			);
			name = Products;
			sourceTree = "<group>";
		};
		C9223CF01C667B430049C07C /* Port.ly */ = {
			isa = PBXGroup;
			children = (
				C9F77DF61C66FCD7000166B5 /* NGAParallaxMotion */,
				C9223D1F1C66C0D40049C07C /* UberKit */,
				BE1138301C668BBF000CFEAC /* MicrosoftAzureMobile.framework */,
				C9223CF51C667B430049C07C /* Main.storyboard */,
				C9F77DFB1C67032D000166B5 /* Flight.h */,
				C9F77DFC1C67032D000166B5 /* Flight.m */,
				C9223DA31C66C1180049C07C /* AppDelegate.h */,
				C9223DA41C66C1180049C07C /* AppDelegate.m */,
				C9223DA61C66C1AC0049C07C /* RequestVC.h */,
				C9223DA71C66C1AC0049C07C /* RequestVC.m */,
				C9F77DEE1C66C838000166B5 /* ReservationVC.h */,
				C9F77DEF1C66C838000166B5 /* ReservationVC.m */,
				C9F77DF11C66FCBB000166B5 /* LoadingView.h */,
				C9F77DF21C66FCBB000166B5 /* LoadingView.m */,
				C9223CF81C667B430049C07C /* Assets.xcassets */,
				C9223CFA1C667B430049C07C /* LaunchScreen.storyboard */,
				C9223CFD1C667B430049C07C /* Info.plist */,
				C9223DAA1C66C29E0049C07C /* Supporting Files */,
			);
			path = Port.ly;
			sourceTree = "<group>";
		};
		C9223D051C667B430049C07C /* Port.lyTests */ = {
			isa = PBXGroup;
			children = (
				C9223D061C667B430049C07C /* Port_lyTests.swift */,
				C9223D081C667B430049C07C /* Info.plist */,
			);
			path = Port.lyTests;
			sourceTree = "<group>";
		};
		C9223D101C667B430049C07C /* Port.lyUITests */ = {
			isa = PBXGroup;
			children = (
				C9223D111C667B430049C07C /* Port_lyUITests.swift */,
				C9223D131C667B430049C07C /* Info.plist */,
			);
			path = Port.lyUITests;
			sourceTree = "<group>";
		};
		C9223D1F1C66C0D40049C07C /* UberKit */ = {
			isa = PBXGroup;
			children = (
				C9223D201C66C0D40049C07C /* Model */,
				C9223D2D1C66C0D40049C07C /* OAuth2Client */,
				C9223D4E1C66C0D40049C07C /* UberKit.h */,
				C9223D4F1C66C0D40049C07C /* UberKit.m */,
			);
			path = UberKit;
			sourceTree = "<group>";
		};
		C9223D201C66C0D40049C07C /* Model */ = {
			isa = PBXGroup;
			children = (
				C9223D211C66C0D40049C07C /* UberActivity.h */,
				C9223D221C66C0D40049C07C /* UberActivity.m */,
				C9223D231C66C0D40049C07C /* UberPrice.h */,
				C9223D241C66C0D40049C07C /* UberPrice.m */,
				C9223D251C66C0D40049C07C /* UberProduct.h */,
				C9223D261C66C0D40049C07C /* UberProduct.m */,
				C9223D271C66C0D40049C07C /* UberProfile.h */,
				C9223D281C66C0D40049C07C /* UberProfile.m */,
				C9223D291C66C0D40049C07C /* UberPromotion.h */,
				C9223D2A1C66C0D40049C07C /* UberPromotion.m */,
				C9223D2B1C66C0D40049C07C /* UberTime.h */,
				C9223D2C1C66C0D40049C07C /* UberTime.m */,
			);
			path = Model;
			sourceTree = "<group>";
		};
		C9223D2D1C66C0D40049C07C /* OAuth2Client */ = {
			isa = PBXGroup;
			children = (
				C9223D2E1C66C0D40049C07C /* NSData+NXOAuth2.h */,
				C9223D2F1C66C0D40049C07C /* NSData+NXOAuth2.m */,
				C9223D301C66C0D40049C07C /* NSString+NXOAuth2.h */,
				C9223D311C66C0D40049C07C /* NSString+NXOAuth2.m */,
				C9223D321C66C0D40049C07C /* NSURL+NXOAuth2.h */,
				C9223D331C66C0D40049C07C /* NSURL+NXOAuth2.m */,
				C9223D341C66C0D40049C07C /* NXOAuth2.h */,
				C9223D351C66C0D40049C07C /* NXOAuth2AccessToken.h */,
				C9223D361C66C0D40049C07C /* NXOAuth2AccessToken.m */,
				C9223D371C66C0D40049C07C /* NXOAuth2Account+Private.h */,
				C9223D381C66C0D40049C07C /* NXOAuth2Account.h */,
				C9223D391C66C0D40049C07C /* NXOAuth2Account.m */,
				C9223D3A1C66C0D40049C07C /* NXOAuth2AccountStore.h */,
				C9223D3B1C66C0D40049C07C /* NXOAuth2AccountStore.m */,
				C9223D3C1C66C0D40049C07C /* NXOAuth2Client.h */,
				C9223D3D1C66C0D40049C07C /* NXOAuth2Client.m */,
				C9223D3E1C66C0D40049C07C /* NXOAuth2ClientDelegate.h */,
				C9223D3F1C66C0D40049C07C /* NXOAuth2Connection.h */,
				C9223D401C66C0D40049C07C /* NXOAuth2Connection.m */,
				C9223D411C66C0D40049C07C /* NXOAuth2ConnectionDelegate.h */,
				C9223D421C66C0D40049C07C /* NXOAuth2Constants.h */,
				C9223D431C66C0D40049C07C /* NXOAuth2Constants.m */,
				C9223D441C66C0D40049C07C /* NXOAuth2FileStreamWrapper.h */,
				C9223D451C66C0D40049C07C /* NXOAuth2FileStreamWrapper.m */,
				C9223D461C66C0D40049C07C /* NXOAuth2PostBodyPart.h */,
				C9223D471C66C0D40049C07C /* NXOAuth2PostBodyPart.m */,
				C9223D481C66C0D40049C07C /* NXOAuth2PostBodyStream.h */,
				C9223D491C66C0D40049C07C /* NXOAuth2PostBodyStream.m */,
				C9223D4A1C66C0D40049C07C /* NXOAuth2Request.h */,
				C9223D4B1C66C0D40049C07C /* NXOAuth2Request.m */,
				C9223D4C1C66C0D40049C07C /* NXOAuth2TrustDelegate.h */,
				C9223D4D1C66C0D40049C07C /* OAuth2Client_Prefix.pch */,
			);
			path = OAuth2Client;
			sourceTree = "<group>";
		};
		C9223DAA1C66C29E0049C07C /* Supporting Files */ = {
			isa = PBXGroup;
			children = (
				C9F77DEC1C66C691000166B5 /* main.m */,
			);
			name = "Supporting Files";
			path = ../../../../../Desktop/test/test;
			sourceTree = "<group>";
		};
		C9F77DF61C66FCD7000166B5 /* NGAParallaxMotion */ = {
			isa = PBXGroup;
			children = (
				C9F77DF81C66FCF0000166B5 /* NGAParallaxMotion.h */,
				C9F77DF91C66FCF0000166B5 /* NGAParallaxMotion.m */,
			);
			name = NGAParallaxMotion;
			path = "../../../../../Documents/Chorus/CHORUS_BACKUP 2:3:16/chorus/trunk/Chorus/Chorus";
			sourceTree = "<group>";
		};
/* End PBXGroup section */

/* Begin PBXNativeTarget section */
		C9223CED1C667B430049C07C /* Port.ly */ = {
			isa = PBXNativeTarget;
			buildConfigurationList = C9223D161C667B430049C07C /* Build configuration list for PBXNativeTarget "Port.ly" */;
			buildPhases = (
				C9223CEA1C667B430049C07C /* Sources */,
				C9223CEB1C667B430049C07C /* Frameworks */,
				C9223CEC1C667B430049C07C /* Resources */,
			);
			buildRules = (
			);
			dependencies = (
			);
			name = Port.ly;
			productName = Port.ly;
			productReference = C9223CEE1C667B430049C07C /* Port.ly.app */;
			productType = "com.apple.product-type.application";
		};
		C9223D011C667B430049C07C /* Port.lyTests */ = {
			isa = PBXNativeTarget;
			buildConfigurationList = C9223D191C667B430049C07C /* Build configuration list for PBXNativeTarget "Port.lyTests" */;
			buildPhases = (
				C9223CFE1C667B430049C07C /* Sources */,
				C9223CFF1C667B430049C07C /* Frameworks */,
				C9223D001C667B430049C07C /* Resources */,
			);
			buildRules = (
			);
			dependencies = (
				C9223D041C667B430049C07C /* PBXTargetDependency */,
			);
			name = Port.lyTests;
			productName = Port.lyTests;
			productReference = C9223D021C667B430049C07C /* Port.lyTests.xctest */;
			productType = "com.apple.product-type.bundle.unit-test";
		};
		C9223D0C1C667B430049C07C /* Port.lyUITests */ = {
			isa = PBXNativeTarget;
			buildConfigurationList = C9223D1C1C667B430049C07C /* Build configuration list for PBXNativeTarget "Port.lyUITests" */;
			buildPhases = (
				C9223D091C667B430049C07C /* Sources */,
				C9223D0A1C667B430049C07C /* Frameworks */,
				C9223D0B1C667B430049C07C /* Resources */,
			);
			buildRules = (
			);
			dependencies = (
				C9223D0F1C667B430049C07C /* PBXTargetDependency */,
			);
			name = Port.lyUITests;
			productName = Port.lyUITests;
			productReference = C9223D0D1C667B430049C07C /* Port.lyUITests.xctest */;
			productType = "com.apple.product-type.bundle.ui-testing";
		};
/* End PBXNativeTarget section */

/* Begin PBXProject section */
		C9223CE61C667B430049C07C /* Project object */ = {
			isa = PBXProject;
			attributes = {
				LastSwiftUpdateCheck = 0720;
				LastUpgradeCheck = 0720;
				ORGANIZATIONNAME = "Matthew Cooper";
				TargetAttributes = {
					C9223CED1C667B430049C07C = {
						CreatedOnToolsVersion = 7.2.1;
					};
					C9223D011C667B430049C07C = {
						CreatedOnToolsVersion = 7.2.1;
						TestTargetID = C9223CED1C667B430049C07C;
					};
					C9223D0C1C667B430049C07C = {
						CreatedOnToolsVersion = 7.2.1;
						TestTargetID = C9223CED1C667B430049C07C;
					};
				};
			};
			buildConfigurationList = C9223CE91C667B430049C07C /* Build configuration list for PBXProject "Port.ly" */;
			compatibilityVersion = "Xcode 3.2";
			developmentRegion = English;
			hasScannedForEncodings = 0;
			knownRegions = (
				en,
				Base,
			);
			mainGroup = C9223CE51C667B430049C07C;
			productRefGroup = C9223CEF1C667B430049C07C /* Products */;
			projectDirPath = "";
			projectRoot = "";
			targets = (
				C9223CED1C667B430049C07C /* Port.ly */,
				C9223D011C667B430049C07C /* Port.lyTests */,
				C9223D0C1C667B430049C07C /* Port.lyUITests */,
			);
		};
/* End PBXProject section */

/* Begin PBXResourcesBuildPhase section */
		C9223CEC1C667B430049C07C /* Resources */ = {
			isa = PBXResourcesBuildPhase;
			buildActionMask = 2147483647;
			files = (
				C9223CFC1C667B430049C07C /* LaunchScreen.storyboard in Resources */,
				C9223CF91C667B430049C07C /* Assets.xcassets in Resources */,
				C9223CF71C667B430049C07C /* Main.storyboard in Resources */,
			);
			runOnlyForDeploymentPostprocessing = 0;
		};
		C9223D001C667B430049C07C /* Resources */ = {
			isa = PBXResourcesBuildPhase;
			buildActionMask = 2147483647;
			files = (
			);
			runOnlyForDeploymentPostprocessing = 0;
		};
		C9223D0B1C667B430049C07C /* Resources */ = {
			isa = PBXResourcesBuildPhase;
			buildActionMask = 2147483647;
			files = (
			);
			runOnlyForDeploymentPostprocessing = 0;
		};
/* End PBXResourcesBuildPhase section */

/* Begin PBXSourcesBuildPhase section */
		C9223CEA1C667B430049C07C /* Sources */ = {
			isa = PBXSourcesBuildPhase;
			buildActionMask = 2147483647;
			files = (
				C9223DA81C66C1AC0049C07C /* RequestVC.m in Sources */,
				C9223D601C66C0D40049C07C /* NXOAuth2PostBodyPart.m in Sources */,
				C9223D551C66C0D40049C07C /* UberTime.m in Sources */,
				C9223D621C66C0D40049C07C /* NXOAuth2Request.m in Sources */,
				C9223D5E1C66C0D40049C07C /* NXOAuth2Constants.m in Sources */,
				C9223D521C66C0D40049C07C /* UberProduct.m in Sources */,
				C9223D5D1C66C0D40049C07C /* NXOAuth2Connection.m in Sources */,
				C9223D571C66C0D40049C07C /* NSString+NXOAuth2.m in Sources */,
				C9F77DFD1C67032D000166B5 /* Flight.m in Sources */,
				C9223D541C66C0D40049C07C /* UberPromotion.m in Sources */,
				C9223D5C1C66C0D40049C07C /* NXOAuth2Client.m in Sources */,
				C9F77DED1C66C691000166B5 /* main.m in Sources */,
				C9223D5B1C66C0D40049C07C /* NXOAuth2AccountStore.m in Sources */,
				C9223D501C66C0D40049C07C /* UberActivity.m in Sources */,
				C9F77DF01C66C838000166B5 /* ReservationVC.m in Sources */,
				C9223D611C66C0D40049C07C /* NXOAuth2PostBodyStream.m in Sources */,
				C9223D561C66C0D40049C07C /* NSData+NXOAuth2.m in Sources */,
				C9F77DF31C66FCBB000166B5 /* LoadingView.m in Sources */,
				C9223D581C66C0D40049C07C /* NSURL+NXOAuth2.m in Sources */,
				C9223D511C66C0D40049C07C /* UberPrice.m in Sources */,
				C9223D5F1C66C0D40049C07C /* NXOAuth2FileStreamWrapper.m in Sources */,
				C9223D591C66C0D40049C07C /* NXOAuth2AccessToken.m in Sources */,
				C9F77DFA1C66FCF0000166B5 /* NGAParallaxMotion.m in Sources */,
				C9223D531C66C0D40049C07C /* UberProfile.m in Sources */,
				C9223D631C66C0D40049C07C /* UberKit.m in Sources */,
				C9223D5A1C66C0D40049C07C /* NXOAuth2Account.m in Sources */,
				C9223DA51C66C1180049C07C /* AppDelegate.m in Sources */,
			);
			runOnlyForDeploymentPostprocessing = 0;
		};
		C9223CFE1C667B430049C07C /* Sources */ = {
			isa = PBXSourcesBuildPhase;
			buildActionMask = 2147483647;
			files = (
				C9223D071C667B430049C07C /* Port_lyTests.swift in Sources */,
			);
			runOnlyForDeploymentPostprocessing = 0;
		};
		C9223D091C667B430049C07C /* Sources */ = {
			isa = PBXSourcesBuildPhase;
			buildActionMask = 2147483647;
			files = (
				C9223D121C667B430049C07C /* Port_lyUITests.swift in Sources */,
			);
			runOnlyForDeploymentPostprocessing = 0;
		};
/* End PBXSourcesBuildPhase section */

/* Begin PBXTargetDependency section */
		C9223D041C667B430049C07C /* PBXTargetDependency */ = {
			isa = PBXTargetDependency;
			target = C9223CED1C667B430049C07C /* Port.ly */;
			targetProxy = C9223D031C667B430049C07C /* PBXContainerItemProxy */;
		};
		C9223D0F1C667B430049C07C /* PBXTargetDependency */ = {
			isa = PBXTargetDependency;
			target = C9223CED1C667B430049C07C /* Port.ly */;
			targetProxy = C9223D0E1C667B430049C07C /* PBXContainerItemProxy */;
		};
/* End PBXTargetDependency section */

/* Begin PBXVariantGroup section */
		C9223CF51C667B430049C07C /* Main.storyboard */ = {
			isa = PBXVariantGroup;
			children = (
				C9223CF61C667B430049C07C /* Base */,
			);
			name = Main.storyboard;
			sourceTree = "<group>";
		};
		C9223CFA1C667B430049C07C /* LaunchScreen.storyboard */ = {
			isa = PBXVariantGroup;
			children = (
				C9223CFB1C667B430049C07C /* Base */,
			);
			name = LaunchScreen.storyboard;
			sourceTree = "<group>";
		};
/* End PBXVariantGroup section */

/* Begin XCBuildConfiguration section */
		C9223D141C667B430049C07C /* Debug */ = {
			isa = XCBuildConfiguration;
			buildSettings = {
				ALWAYS_SEARCH_USER_PATHS = NO;
				CLANG_CXX_LANGUAGE_STANDARD = "gnu++0x";
				CLANG_CXX_LIBRARY = "libc++";
				CLANG_ENABLE_MODULES = YES;
				CLANG_ENABLE_OBJC_ARC = YES;
				CLANG_WARN_BOOL_CONVERSION = YES;
				CLANG_WARN_CONSTANT_CONVERSION = YES;
				CLANG_WARN_DIRECT_OBJC_ISA_USAGE = YES_ERROR;
				CLANG_WARN_EMPTY_BODY = YES;
				CLANG_WARN_ENUM_CONVERSION = YES;
				CLANG_WARN_INT_CONVERSION = YES;
				CLANG_WARN_OBJC_ROOT_CLASS = YES_ERROR;
				CLANG_WARN_UNREACHABLE_CODE = YES;
				CLANG_WARN__DUPLICATE_METHOD_MATCH = YES;
				"CODE_SIGN_IDENTITY[sdk=iphoneos*]" = "iPhone Developer";
				COPY_PHASE_STRIP = NO;
				DEBUG_INFORMATION_FORMAT = dwarf;
				ENABLE_STRICT_OBJC_MSGSEND = YES;
				ENABLE_TESTABILITY = YES;
				GCC_C_LANGUAGE_STANDARD = gnu99;
				GCC_DYNAMIC_NO_PIC = NO;
				GCC_NO_COMMON_BLOCKS = YES;
				GCC_OPTIMIZATION_LEVEL = 0;
				GCC_PREPROCESSOR_DEFINITIONS = (
					"DEBUG=1",
					"$(inherited)",
				);
				GCC_WARN_64_TO_32_BIT_CONVERSION = YES;
				GCC_WARN_ABOUT_RETURN_TYPE = YES_ERROR;
				GCC_WARN_UNDECLARED_SELECTOR = YES;
				GCC_WARN_UNINITIALIZED_AUTOS = YES_AGGRESSIVE;
				GCC_WARN_UNUSED_FUNCTION = YES;
				GCC_WARN_UNUSED_VARIABLE = YES;
				IPHONEOS_DEPLOYMENT_TARGET = 9.2;
				MTL_ENABLE_DEBUG_INFO = YES;
				ONLY_ACTIVE_ARCH = YES;
				SDKROOT = iphoneos;
				SWIFT_OPTIMIZATION_LEVEL = "-Onone";
				TARGETED_DEVICE_FAMILY = "1,2";
			};
			name = Debug;
		};
		C9223D151C667B430049C07C /* Release */ = {
			isa = XCBuildConfiguration;
			buildSettings = {
				ALWAYS_SEARCH_USER_PATHS = NO;
				CLANG_CXX_LANGUAGE_STANDARD = "gnu++0x";
				CLANG_CXX_LIBRARY = "libc++";
				CLANG_ENABLE_MODULES = YES;
				CLANG_ENABLE_OBJC_ARC = YES;
				CLANG_WARN_BOOL_CONVERSION = YES;
				CLANG_WARN_CONSTANT_CONVERSION = YES;
				CLANG_WARN_DIRECT_OBJC_ISA_USAGE = YES_ERROR;
				CLANG_WARN_EMPTY_BODY = YES;
				CLANG_WARN_ENUM_CONVERSION = YES;
				CLANG_WARN_INT_CONVERSION = YES;
				CLANG_WARN_OBJC_ROOT_CLASS = YES_ERROR;
				CLANG_WARN_UNREACHABLE_CODE = YES;
				CLANG_WARN__DUPLICATE_METHOD_MATCH = YES;
				"CODE_SIGN_IDENTITY[sdk=iphoneos*]" = "iPhone Developer";
				COPY_PHASE_STRIP = NO;
				DEBUG_INFORMATION_FORMAT = "dwarf-with-dsym";
				ENABLE_NS_ASSERTIONS = NO;
				ENABLE_STRICT_OBJC_MSGSEND = YES;
				GCC_C_LANGUAGE_STANDARD = gnu99;
				GCC_NO_COMMON_BLOCKS = YES;
				GCC_WARN_64_TO_32_BIT_CONVERSION = YES;
				GCC_WARN_ABOUT_RETURN_TYPE = YES_ERROR;
				GCC_WARN_UNDECLARED_SELECTOR = YES;
				GCC_WARN_UNINITIALIZED_AUTOS = YES_AGGRESSIVE;
				GCC_WARN_UNUSED_FUNCTION = YES;
				GCC_WARN_UNUSED_VARIABLE = YES;
				IPHONEOS_DEPLOYMENT_TARGET = 9.2;
				MTL_ENABLE_DEBUG_INFO = NO;
				SDKROOT = iphoneos;
				TARGETED_DEVICE_FAMILY = "1,2";
				VALIDATE_PRODUCT = YES;
			};
			name = Release;
		};
		C9223D171C667B430049C07C /* Debug */ = {
			isa = XCBuildConfiguration;
			buildSettings = {
				ASSETCATALOG_COMPILER_APPICON_NAME = AppIcon;
				FRAMEWORK_SEARCH_PATHS = (
					"$(inherited)",
					"$(PROJECT_DIR)/Port.ly",
				);
				INFOPLIST_FILE = Port.ly/Info.plist;
				LD_RUNPATH_SEARCH_PATHS = "$(inherited) @executable_path/Frameworks";
				PRODUCT_BUNDLE_IDENTIFIER = "ly.port.Port-ly";
				PRODUCT_NAME = "$(TARGET_NAME)";
				SWIFT_OBJC_BRIDGING_HEADER = "Port.ly-Bridging-Header.h";
			};
			name = Debug;
		};
		C9223D181C667B430049C07C /* Release */ = {
			isa = XCBuildConfiguration;
			buildSettings = {
				ASSETCATALOG_COMPILER_APPICON_NAME = AppIcon;
				FRAMEWORK_SEARCH_PATHS = (
					"$(inherited)",
					"$(PROJECT_DIR)/Port.ly",
				);
				INFOPLIST_FILE = Port.ly/Info.plist;
				LD_RUNPATH_SEARCH_PATHS = "$(inherited) @executable_path/Frameworks";
				PRODUCT_BUNDLE_IDENTIFIER = "ly.port.Port-ly";
				PRODUCT_NAME = "$(TARGET_NAME)";
				SWIFT_OBJC_BRIDGING_HEADER = "Port.ly-Bridging-Header.h";
			};
			name = Release;
		};
		C9223D1A1C667B430049C07C /* Debug */ = {
			isa = XCBuildConfiguration;
			buildSettings = {
				BUNDLE_LOADER = "$(TEST_HOST)";
				INFOPLIST_FILE = Port.lyTests/Info.plist;
				LD_RUNPATH_SEARCH_PATHS = "$(inherited) @executable_path/Frameworks @loader_path/Frameworks";
				PRODUCT_BUNDLE_IDENTIFIER = "ly.port.Port-lyTests";
				PRODUCT_NAME = "$(TARGET_NAME)";
				TEST_HOST = "$(BUILT_PRODUCTS_DIR)/Port.ly.app/Port.ly";
			};
			name = Debug;
		};
		C9223D1B1C667B430049C07C /* Release */ = {
			isa = XCBuildConfiguration;
			buildSettings = {
				BUNDLE_LOADER = "$(TEST_HOST)";
				INFOPLIST_FILE = Port.lyTests/Info.plist;
				LD_RUNPATH_SEARCH_PATHS = "$(inherited) @executable_path/Frameworks @loader_path/Frameworks";
				PRODUCT_BUNDLE_IDENTIFIER = "ly.port.Port-lyTests";
				PRODUCT_NAME = "$(TARGET_NAME)";
				TEST_HOST = "$(BUILT_PRODUCTS_DIR)/Port.ly.app/Port.ly";
			};
			name = Release;
		};
		C9223D1D1C667B430049C07C /* Debug */ = {
			isa = XCBuildConfiguration;
			buildSettings = {
				INFOPLIST_FILE = Port.lyUITests/Info.plist;
				LD_RUNPATH_SEARCH_PATHS = "$(inherited) @executable_path/Frameworks @loader_path/Frameworks";
				PRODUCT_BUNDLE_IDENTIFIER = "ly.port.Port-lyUITests";
				PRODUCT_NAME = "$(TARGET_NAME)";
				TEST_TARGET_NAME = Port.ly;
				USES_XCTRUNNER = YES;
			};
			name = Debug;
		};
		C9223D1E1C667B430049C07C /* Release */ = {
			isa = XCBuildConfiguration;
			buildSettings = {
				INFOPLIST_FILE = Port.lyUITests/Info.plist;
				LD_RUNPATH_SEARCH_PATHS = "$(inherited) @executable_path/Frameworks @loader_path/Frameworks";
				PRODUCT_BUNDLE_IDENTIFIER = "ly.port.Port-lyUITests";
				PRODUCT_NAME = "$(TARGET_NAME)";
				TEST_TARGET_NAME = Port.ly;
				USES_XCTRUNNER = YES;
			};
			name = Release;
		};
/* End XCBuildConfiguration section */

/* Begin XCConfigurationList section */
		C9223CE91C667B430049C07C /* Build configuration list for PBXProject "Port.ly" */ = {
			isa = XCConfigurationList;
			buildConfigurations = (
				C9223D141C667B430049C07C /* Debug */,
				C9223D151C667B430049C07C /* Release */,
			);
			defaultConfigurationIsVisible = 0;
			defaultConfigurationName = Release;
		};
		C9223D161C667B430049C07C /* Build configuration list for PBXNativeTarget "Port.ly" */ = {
			isa = XCConfigurationList;
			buildConfigurations = (
				C9223D171C667B430049C07C /* Debug */,
				C9223D181C667B430049C07C /* Release */,
			);
			defaultConfigurationIsVisible = 0;
			defaultConfigurationName = Release;
		};
		C9223D191C667B430049C07C /* Build configuration list for PBXNativeTarget "Port.lyTests" */ = {
			isa = XCConfigurationList;
			buildConfigurations = (
				C9223D1A1C667B430049C07C /* Debug */,
				C9223D1B1C667B430049C07C /* Release */,
			);
			defaultConfigurationIsVisible = 0;
			defaultConfigurationName = Release;
		};
		C9223D1C1C667B430049C07C /* Build configuration list for PBXNativeTarget "Port.lyUITests" */ = {
			isa = XCConfigurationList;
			buildConfigurations = (
				C9223D1D1C667B430049C07C /* Debug */,
				C9223D1E1C667B430049C07C /* Release */,
			);
			defaultConfigurationIsVisible = 0;
			defaultConfigurationName = Release;
		};
/* End XCConfigurationList section */
	};
	rootObject = C9223CE61C667B430049C07C /* Project object */;
}
